
Microsoft Visual Studio Solution File, Format Version 12.00
# Visual Studio Version 17
VisualStudioVersion = 17.12.35514.174
MinimumVisualStudioVersion = 10.0.40219.1
Project("{FAE04EC0-301F-11D3-BF4B-00C04F79EFBC}") = "001_Mission", "001_Mission\001_Mission.csproj", "{78B46D63-88EA-41EC-8461-82ABCBA539D8}"
EndProject
Project("{FAE04EC0-301F-11D3-BF4B-00C04F79EFBC}") = "002_Variable", "002_Variable\002_Variable.csproj", "{92526A71-88AF-41C8-8D65-34C5201293EA}"
EndProject
Project("{FAE04EC0-301F-11D3-BF4B-00C04F79EFBC}") = "003_Interger", "003_Interger\003_Interger.csproj", "{D1DEEA72-7A48-41CE-BA8A-340774101190}"
EndProject
Project("{FAE04EC0-301F-11D3-BF4B-00C04F79EFBC}") = "002_Mission", "002_Mission\002_Mission.csproj", "{7FC1F153-5C27-43FB-9804-BEB080064E07}"
EndProject
Project("{FAE04EC0-301F-11D3-BF4B-00C04F79EFBC}") = "004_Float_Double", "004_Float_Double\004_Float_Double.csproj", "{6342BC50-1235-4F08-8CF6-30AF13FE4160}"
EndProject
Project("{FAE04EC0-301F-11D3-BF4B-00C04F79EFBC}") = "005_decimal", "005_decimal\005_decimal.csproj", "{DB408077-18CE-4123-8764-AD73C76B1AAD}"
EndProject
Project("{FAE04EC0-301F-11D3-BF4B-00C04F79EFBC}") = "003_Mission", "003_Mission\003_Mission.csproj", "{E9CBB9BF-11E6-4864-8A51-729637F3919A}"
EndProject
Project("{FAE04EC0-301F-11D3-BF4B-00C04F79EFBC}") = "006_Bool", "006_Bool\006_Bool.csproj", "{6397715D-1EF1-4BEA-A15B-3CBCC6B2F43D}"
EndProject
Project("{FAE04EC0-301F-11D3-BF4B-00C04F79EFBC}") = "007_Const", "007_Const\007_Const.csproj", "{5D45F972-87A5-484E-BB9B-E73D20F1CA84}"
EndProject
Project("{FAE04EC0-301F-11D3-BF4B-00C04F79EFBC}") = "008_Enum", "008_Enum\008_Enum.csproj", "{18CDA510-AB15-4B39-AE76-A361A231C7CA}"
EndProject
Project("{FAE04EC0-301F-11D3-BF4B-00C04F79EFBC}") = "009_Var", "009_Var\009_Var.csproj", "{007F41D1-FFAE-420D-AD7D-E7CE0184EBE3}"
EndProject
Project("{FAE04EC0-301F-11D3-BF4B-00C04F79EFBC}") = "010_Nullable", "010_Nullable\010_Nullable.csproj", "{CC79D26A-3031-4E20-8295-18224020ACCB}"
EndProject
Project("{FAE04EC0-301F-11D3-BF4B-00C04F79EFBC}") = "011_Char", "011_Char\011_Char.csproj", "{3EF777BB-0577-409D-947C-66EDAC0F2621}"
EndProject
Project("{FAE04EC0-301F-11D3-BF4B-00C04F79EFBC}") = "004_Mission", "004_Mission\004_Mission.csproj", "{70853858-7C8F-4D92-958D-C2168E53D487}"
EndProject
Project("{FAE04EC0-301F-11D3-BF4B-00C04F79EFBC}") = "012_WriteLine", "012_WriteLine\012_WriteLine.csproj", "{070E4A24-69CB-4C9C-B6E7-D8A8CE293FAA}"
EndProject
Project("{FAE04EC0-301F-11D3-BF4B-00C04F79EFBC}") = "013_ReadLine", "013_ReadLine\013_ReadLine.csproj", "{EFB6D2E8-B674-4C16-BC1A-B1937DCEAF71}"
EndProject
Project("{FAE04EC0-301F-11D3-BF4B-00C04F79EFBC}") = "014_Operator", "014_Operator\014_Operator.csproj", "{8A56A1CB-7CC6-44EE-94D7-C00AF0B672D9}"
EndProject
Project("{FAE04EC0-301F-11D3-BF4B-00C04F79EFBC}") = "005_Mission", "005_Mission\005_Mission.csproj", "{3938107E-C32A-4E50-8660-CCDDB9774B84}"
EndProject
Project("{FAE04EC0-301F-11D3-BF4B-00C04F79EFBC}") = "006_Mission", "006_Mission\006_Mission.csproj", "{4D7C5CB6-0B0E-49AB-92DF-AFA7D30E2727}"
EndProject
Project("{FAE04EC0-301F-11D3-BF4B-00C04F79EFBC}") = "015_++_--", "015_++_--\015_++_--.csproj", "{3DD6B454-540C-462F-BF98-143A0E5F280E}"
EndProject
Project("{FAE04EC0-301F-11D3-BF4B-00C04F79EFBC}") = "007_Mission", "007_Mission\007_Mission.csproj", "{D4B23E3B-5006-4B97-8301-EB4238FF0775}"
EndProject
Project("{FAE04EC0-301F-11D3-BF4B-00C04F79EFBC}") = "016_Compare", "016_Compare\016_Compare.csproj", "{5AE93FE7-0CC5-4445-ABF9-77EC95D31560}"
EndProject
Global
	GlobalSection(SolutionConfigurationPlatforms) = preSolution
		Debug|Any CPU = Debug|Any CPU
		Release|Any CPU = Release|Any CPU
	EndGlobalSection
	GlobalSection(ProjectConfigurationPlatforms) = postSolution
		{78B46D63-88EA-41EC-8461-82ABCBA539D8}.Debug|Any CPU.ActiveCfg = Debug|Any CPU
		{78B46D63-88EA-41EC-8461-82ABCBA539D8}.Debug|Any CPU.Build.0 = Debug|Any CPU
		{78B46D63-88EA-41EC-8461-82ABCBA539D8}.Release|Any CPU.ActiveCfg = Release|Any CPU
		{78B46D63-88EA-41EC-8461-82ABCBA539D8}.Release|Any CPU.Build.0 = Release|Any CPU
		{92526A71-88AF-41C8-8D65-34C5201293EA}.Debug|Any CPU.ActiveCfg = Debug|Any CPU
		{92526A71-88AF-41C8-8D65-34C5201293EA}.Debug|Any CPU.Build.0 = Debug|Any CPU
		{92526A71-88AF-41C8-8D65-34C5201293EA}.Release|Any CPU.ActiveCfg = Release|Any CPU
		{92526A71-88AF-41C8-8D65-34C5201293EA}.Release|Any CPU.Build.0 = Release|Any CPU
		{D1DEEA72-7A48-41CE-BA8A-340774101190}.Debug|Any CPU.ActiveCfg = Debug|Any CPU
		{D1DEEA72-7A48-41CE-BA8A-340774101190}.Debug|Any CPU.Build.0 = Debug|Any CPU
		{D1DEEA72-7A48-41CE-BA8A-340774101190}.Release|Any CPU.ActiveCfg = Release|Any CPU
		{D1DEEA72-7A48-41CE-BA8A-340774101190}.Release|Any CPU.Build.0 = Release|Any CPU
		{7FC1F153-5C27-43FB-9804-BEB080064E07}.Debug|Any CPU.ActiveCfg = Debug|Any CPU
		{7FC1F153-5C27-43FB-9804-BEB080064E07}.Debug|Any CPU.Build.0 = Debug|Any CPU
		{7FC1F153-5C27-43FB-9804-BEB080064E07}.Release|Any CPU.ActiveCfg = Release|Any CPU
		{7FC1F153-5C27-43FB-9804-BEB080064E07}.Release|Any CPU.Build.0 = Release|Any CPU
		{6342BC50-1235-4F08-8CF6-30AF13FE4160}.Debug|Any CPU.ActiveCfg = Debug|Any CPU
		{6342BC50-1235-4F08-8CF6-30AF13FE4160}.Debug|Any CPU.Build.0 = Debug|Any CPU
		{6342BC50-1235-4F08-8CF6-30AF13FE4160}.Release|Any CPU.ActiveCfg = Release|Any CPU
		{6342BC50-1235-4F08-8CF6-30AF13FE4160}.Release|Any CPU.Build.0 = Release|Any CPU
		{DB408077-18CE-4123-8764-AD73C76B1AAD}.Debug|Any CPU.ActiveCfg = Debug|Any CPU
		{DB408077-18CE-4123-8764-AD73C76B1AAD}.Debug|Any CPU.Build.0 = Debug|Any CPU
		{DB408077-18CE-4123-8764-AD73C76B1AAD}.Release|Any CPU.ActiveCfg = Release|Any CPU
		{DB408077-18CE-4123-8764-AD73C76B1AAD}.Release|Any CPU.Build.0 = Release|Any CPU
		{E9CBB9BF-11E6-4864-8A51-729637F3919A}.Debug|Any CPU.ActiveCfg = Debug|Any CPU
		{E9CBB9BF-11E6-4864-8A51-729637F3919A}.Debug|Any CPU.Build.0 = Debug|Any CPU
		{E9CBB9BF-11E6-4864-8A51-729637F3919A}.Release|Any CPU.ActiveCfg = Release|Any CPU
		{E9CBB9BF-11E6-4864-8A51-729637F3919A}.Release|Any CPU.Build.0 = Release|Any CPU
		{6397715D-1EF1-4BEA-A15B-3CBCC6B2F43D}.Debug|Any CPU.ActiveCfg = Debug|Any CPU
		{6397715D-1EF1-4BEA-A15B-3CBCC6B2F43D}.Debug|Any CPU.Build.0 = Debug|Any CPU
		{6397715D-1EF1-4BEA-A15B-3CBCC6B2F43D}.Release|Any CPU.ActiveCfg = Release|Any CPU
		{6397715D-1EF1-4BEA-A15B-3CBCC6B2F43D}.Release|Any CPU.Build.0 = Release|Any CPU
		{5D45F972-87A5-484E-BB9B-E73D20F1CA84}.Debug|Any CPU.ActiveCfg = Debug|Any CPU
		{5D45F972-87A5-484E-BB9B-E73D20F1CA84}.Debug|Any CPU.Build.0 = Debug|Any CPU
		{5D45F972-87A5-484E-BB9B-E73D20F1CA84}.Release|Any CPU.ActiveCfg = Release|Any CPU
		{5D45F972-87A5-484E-BB9B-E73D20F1CA84}.Release|Any CPU.Build.0 = Release|Any CPU
		{18CDA510-AB15-4B39-AE76-A361A231C7CA}.Debug|Any CPU.ActiveCfg = Debug|Any CPU
		{18CDA510-AB15-4B39-AE76-A361A231C7CA}.Debug|Any CPU.Build.0 = Debug|Any CPU
		{18CDA510-AB15-4B39-AE76-A361A231C7CA}.Release|Any CPU.ActiveCfg = Release|Any CPU
		{18CDA510-AB15-4B39-AE76-A361A231C7CA}.Release|Any CPU.Build.0 = Release|Any CPU
		{007F41D1-FFAE-420D-AD7D-E7CE0184EBE3}.Debug|Any CPU.ActiveCfg = Debug|Any CPU
		{007F41D1-FFAE-420D-AD7D-E7CE0184EBE3}.Debug|Any CPU.Build.0 = Debug|Any CPU
		{007F41D1-FFAE-420D-AD7D-E7CE0184EBE3}.Release|Any CPU.ActiveCfg = Release|Any CPU
		{007F41D1-FFAE-420D-AD7D-E7CE0184EBE3}.Release|Any CPU.Build.0 = Release|Any CPU
		{CC79D26A-3031-4E20-8295-18224020ACCB}.Debug|Any CPU.ActiveCfg = Debug|Any CPU
		{CC79D26A-3031-4E20-8295-18224020ACCB}.Debug|Any CPU.Build.0 = Debug|Any CPU
		{CC79D26A-3031-4E20-8295-18224020ACCB}.Release|Any CPU.ActiveCfg = Release|Any CPU
		{CC79D26A-3031-4E20-8295-18224020ACCB}.Release|Any CPU.Build.0 = Release|Any CPU
		{3EF777BB-0577-409D-947C-66EDAC0F2621}.Debug|Any CPU.ActiveCfg = Debug|Any CPU
		{3EF777BB-0577-409D-947C-66EDAC0F2621}.Debug|Any CPU.Build.0 = Debug|Any CPU
		{3EF777BB-0577-409D-947C-66EDAC0F2621}.Release|Any CPU.ActiveCfg = Release|Any CPU
		{3EF777BB-0577-409D-947C-66EDAC0F2621}.Release|Any CPU.Build.0 = Release|Any CPU
		{70853858-7C8F-4D92-958D-C2168E53D487}.Debug|Any CPU.ActiveCfg = Debug|Any CPU
		{70853858-7C8F-4D92-958D-C2168E53D487}.Debug|Any CPU.Build.0 = Debug|Any CPU
		{70853858-7C8F-4D92-958D-C2168E53D487}.Release|Any CPU.ActiveCfg = Release|Any CPU
		{70853858-7C8F-4D92-958D-C2168E53D487}.Release|Any CPU.Build.0 = Release|Any CPU
		{070E4A24-69CB-4C9C-B6E7-D8A8CE293FAA}.Debug|Any CPU.ActiveCfg = Debug|Any CPU
		{070E4A24-69CB-4C9C-B6E7-D8A8CE293FAA}.Debug|Any CPU.Build.0 = Debug|Any CPU
		{070E4A24-69CB-4C9C-B6E7-D8A8CE293FAA}.Release|Any CPU.ActiveCfg = Release|Any CPU
		{070E4A24-69CB-4C9C-B6E7-D8A8CE293FAA}.Release|Any CPU.Build.0 = Release|Any CPU
		{EFB6D2E8-B674-4C16-BC1A-B1937DCEAF71}.Debug|Any CPU.ActiveCfg = Debug|Any CPU
		{EFB6D2E8-B674-4C16-BC1A-B1937DCEAF71}.Debug|Any CPU.Build.0 = Debug|Any CPU
		{EFB6D2E8-B674-4C16-BC1A-B1937DCEAF71}.Release|Any CPU.ActiveCfg = Release|Any CPU
		{EFB6D2E8-B674-4C16-BC1A-B1937DCEAF71}.Release|Any CPU.Build.0 = Release|Any CPU
		{8A56A1CB-7CC6-44EE-94D7-C00AF0B672D9}.Debug|Any CPU.ActiveCfg = Debug|Any CPU
		{8A56A1CB-7CC6-44EE-94D7-C00AF0B672D9}.Debug|Any CPU.Build.0 = Debug|Any CPU
		{8A56A1CB-7CC6-44EE-94D7-C00AF0B672D9}.Release|Any CPU.ActiveCfg = Release|Any CPU
		{8A56A1CB-7CC6-44EE-94D7-C00AF0B672D9}.Release|Any CPU.Build.0 = Release|Any CPU
		{3938107E-C32A-4E50-8660-CCDDB9774B84}.Debug|Any CPU.ActiveCfg = Debug|Any CPU
		{3938107E-C32A-4E50-8660-CCDDB9774B84}.Debug|Any CPU.Build.0 = Debug|Any CPU
		{3938107E-C32A-4E50-8660-CCDDB9774B84}.Release|Any CPU.ActiveCfg = Release|Any CPU
		{3938107E-C32A-4E50-8660-CCDDB9774B84}.Release|Any CPU.Build.0 = Release|Any CPU
		{4D7C5CB6-0B0E-49AB-92DF-AFA7D30E2727}.Debug|Any CPU.ActiveCfg = Debug|Any CPU
		{4D7C5CB6-0B0E-49AB-92DF-AFA7D30E2727}.Debug|Any CPU.Build.0 = Debug|Any CPU
		{4D7C5CB6-0B0E-49AB-92DF-AFA7D30E2727}.Release|Any CPU.ActiveCfg = Release|Any CPU
		{4D7C5CB6-0B0E-49AB-92DF-AFA7D30E2727}.Release|Any CPU.Build.0 = Release|Any CPU
		{3DD6B454-540C-462F-BF98-143A0E5F280E}.Debug|Any CPU.ActiveCfg = Debug|Any CPU
		{3DD6B454-540C-462F-BF98-143A0E5F280E}.Debug|Any CPU.Build.0 = Debug|Any CPU
		{3DD6B454-540C-462F-BF98-143A0E5F280E}.Release|Any CPU.ActiveCfg = Release|Any CPU
		{3DD6B454-540C-462F-BF98-143A0E5F280E}.Release|Any CPU.Build.0 = Release|Any CPU
		{D4B23E3B-5006-4B97-8301-EB4238FF0775}.Debug|Any CPU.ActiveCfg = Debug|Any CPU
		{D4B23E3B-5006-4B97-8301-EB4238FF0775}.Debug|Any CPU.Build.0 = Debug|Any CPU
		{D4B23E3B-5006-4B97-8301-EB4238FF0775}.Release|Any CPU.ActiveCfg = Release|Any CPU
		{D4B23E3B-5006-4B97-8301-EB4238FF0775}.Release|Any CPU.Build.0 = Release|Any CPU
		{5AE93FE7-0CC5-4445-ABF9-77EC95D31560}.Debug|Any CPU.ActiveCfg = Debug|Any CPU
		{5AE93FE7-0CC5-4445-ABF9-77EC95D31560}.Debug|Any CPU.Build.0 = Debug|Any CPU
		{5AE93FE7-0CC5-4445-ABF9-77EC95D31560}.Release|Any CPU.ActiveCfg = Release|Any CPU
		{5AE93FE7-0CC5-4445-ABF9-77EC95D31560}.Release|Any CPU.Build.0 = Release|Any CPU
	EndGlobalSection
	GlobalSection(SolutionProperties) = preSolution
		HideSolutionNode = FALSE
	EndGlobalSection
EndGlobal
