
Microsoft Visual Studio Solution File, Format Version 12.00
# Visual Studio Version 17
VisualStudioVersion = 17.12.35514.174
MinimumVisualStudioVersion = 10.0.40219.1
Project("{FAE04EC0-301F-11D3-BF4B-00C04F79EFBC}") = "001_Mission", "001_Mission\001_Mission.csproj", "{78B46D63-88EA-41EC-8461-82ABCBA539D8}"
EndProject
Project("{FAE04EC0-301F-11D3-BF4B-00C04F79EFBC}") = "002_Variable", "002_Variable\002_Variable.csproj", "{92526A71-88AF-41C8-8D65-34C5201293EA}"
EndProject
Project("{FAE04EC0-301F-11D3-BF4B-00C04F79EFBC}") = "003_Interger", "003_Interger\003_Interger.csproj", "{D1DEEA72-7A48-41CE-BA8A-340774101190}"
EndProject
Project("{FAE04EC0-301F-11D3-BF4B-00C04F79EFBC}") = "002_Mission", "002_Mission\002_Mission.csproj", "{7FC1F153-5C27-43FB-9804-BEB080064E07}"
EndProject
Project("{FAE04EC0-301F-11D3-BF4B-00C04F79EFBC}") = "004_Float_Double", "004_Float_Double\004_Float_Double.csproj", "{6342BC50-1235-4F08-8CF6-30AF13FE4160}"
EndProject
Project("{FAE04EC0-301F-11D3-BF4B-00C04F79EFBC}") = "005_decimal", "005_decimal\005_decimal.csproj", "{DB408077-18CE-4123-8764-AD73C76B1AAD}"
EndProject
Project("{FAE04EC0-301F-11D3-BF4B-00C04F79EFBC}") = "003_Mission", "003_Mission\003_Mission.csproj", "{E9CBB9BF-11E6-4864-8A51-729637F3919A}"
EndProject
Global
	GlobalSection(SolutionConfigurationPlatforms) = preSolution
		Debug|Any CPU = Debug|Any CPU
		Release|Any CPU = Release|Any CPU
	EndGlobalSection
	GlobalSection(ProjectConfigurationPlatforms) = postSolution
		{78B46D63-88EA-41EC-8461-82ABCBA539D8}.Debug|Any CPU.ActiveCfg = Debug|Any CPU
		{78B46D63-88EA-41EC-8461-82ABCBA539D8}.Debug|Any CPU.Build.0 = Debug|Any CPU
		{78B46D63-88EA-41EC-8461-82ABCBA539D8}.Release|Any CPU.ActiveCfg = Release|Any CPU
		{78B46D63-88EA-41EC-8461-82ABCBA539D8}.Release|Any CPU.Build.0 = Release|Any CPU
		{92526A71-88AF-41C8-8D65-34C5201293EA}.Debug|Any CPU.ActiveCfg = Debug|Any CPU
		{92526A71-88AF-41C8-8D65-34C5201293EA}.Debug|Any CPU.Build.0 = Debug|Any CPU
		{92526A71-88AF-41C8-8D65-34C5201293EA}.Release|Any CPU.ActiveCfg = Release|Any CPU
		{92526A71-88AF-41C8-8D65-34C5201293EA}.Release|Any CPU.Build.0 = Release|Any CPU
		{D1DEEA72-7A48-41CE-BA8A-340774101190}.Debug|Any CPU.ActiveCfg = Debug|Any CPU
		{D1DEEA72-7A48-41CE-BA8A-340774101190}.Debug|Any CPU.Build.0 = Debug|Any CPU
		{D1DEEA72-7A48-41CE-BA8A-340774101190}.Release|Any CPU.ActiveCfg = Release|Any CPU
		{D1DEEA72-7A48-41CE-BA8A-340774101190}.Release|Any CPU.Build.0 = Release|Any CPU
		{7FC1F153-5C27-43FB-9804-BEB080064E07}.Debug|Any CPU.ActiveCfg = Debug|Any CPU
		{7FC1F153-5C27-43FB-9804-BEB080064E07}.Debug|Any CPU.Build.0 = Debug|Any CPU
		{7FC1F153-5C27-43FB-9804-BEB080064E07}.Release|Any CPU.ActiveCfg = Release|Any CPU
		{7FC1F153-5C27-43FB-9804-BEB080064E07}.Release|Any CPU.Build.0 = Release|Any CPU
		{6342BC50-1235-4F08-8CF6-30AF13FE4160}.Debug|Any CPU.ActiveCfg = Debug|Any CPU
		{6342BC50-1235-4F08-8CF6-30AF13FE4160}.Debug|Any CPU.Build.0 = Debug|Any CPU
		{6342BC50-1235-4F08-8CF6-30AF13FE4160}.Release|Any CPU.ActiveCfg = Release|Any CPU
		{6342BC50-1235-4F08-8CF6-30AF13FE4160}.Release|Any CPU.Build.0 = Release|Any CPU
		{DB408077-18CE-4123-8764-AD73C76B1AAD}.Debug|Any CPU.ActiveCfg = Debug|Any CPU
		{DB408077-18CE-4123-8764-AD73C76B1AAD}.Debug|Any CPU.Build.0 = Debug|Any CPU
		{DB408077-18CE-4123-8764-AD73C76B1AAD}.Release|Any CPU.ActiveCfg = Release|Any CPU
		{DB408077-18CE-4123-8764-AD73C76B1AAD}.Release|Any CPU.Build.0 = Release|Any CPU
		{E9CBB9BF-11E6-4864-8A51-729637F3919A}.Debug|Any CPU.ActiveCfg = Debug|Any CPU
		{E9CBB9BF-11E6-4864-8A51-729637F3919A}.Debug|Any CPU.Build.0 = Debug|Any CPU
		{E9CBB9BF-11E6-4864-8A51-729637F3919A}.Release|Any CPU.ActiveCfg = Release|Any CPU
		{E9CBB9BF-11E6-4864-8A51-729637F3919A}.Release|Any CPU.Build.0 = Release|Any CPU
	EndGlobalSection
	GlobalSection(SolutionProperties) = preSolution
		HideSolutionNode = FALSE
	EndGlobalSection
EndGlobal
