
Microsoft Visual Studio Solution File, Format Version 12.00
# Visual Studio Version 17
VisualStudioVersion = 17.12.35514.174
MinimumVisualStudioVersion = 10.0.40219.1
Project("{FAE04EC0-301F-11D3-BF4B-00C04F79EFBC}") = "001_Mission", "001_Mission\001_Mission.csproj", "{78B46D63-88EA-41EC-8461-82ABCBA539D8}"
EndProject
Project("{FAE04EC0-301F-11D3-BF4B-00C04F79EFBC}") = "002_Variable", "002_Variable\002_Variable.csproj", "{92526A71-88AF-41C8-8D65-34C5201293EA}"
EndProject
Project("{FAE04EC0-301F-11D3-BF4B-00C04F79EFBC}") = "003_Interger", "003_Interger\003_Interger.csproj", "{D1DEEA72-7A48-41CE-BA8A-340774101190}"
EndProject
Project("{FAE04EC0-301F-11D3-BF4B-00C04F79EFBC}") = "002_Mission", "002_Mission\002_Mission.csproj", "{7FC1F153-5C27-43FB-9804-BEB080064E07}"
EndProject
Project("{FAE04EC0-301F-11D3-BF4B-00C04F79EFBC}") = "004_Float_Double", "004_Float_Double\004_Float_Double.csproj", "{6342BC50-1235-4F08-8CF6-30AF13FE4160}"
EndProject
Project("{FAE04EC0-301F-11D3-BF4B-00C04F79EFBC}") = "005_decimal", "005_decimal\005_decimal.csproj", "{DB408077-18CE-4123-8764-AD73C76B1AAD}"
EndProject
Project("{FAE04EC0-301F-11D3-BF4B-00C04F79EFBC}") = "003_Mission", "003_Mission\003_Mission.csproj", "{E9CBB9BF-11E6-4864-8A51-729637F3919A}"
EndProject
Project("{FAE04EC0-301F-11D3-BF4B-00C04F79EFBC}") = "006_Bool", "006_Bool\006_Bool.csproj", "{6397715D-1EF1-4BEA-A15B-3CBCC6B2F43D}"
EndProject
Project("{FAE04EC0-301F-11D3-BF4B-00C04F79EFBC}") = "007_Const", "007_Const\007_Const.csproj", "{5D45F972-87A5-484E-BB9B-E73D20F1CA84}"
EndProject
Project("{FAE04EC0-301F-11D3-BF4B-00C04F79EFBC}") = "008_Enum", "008_Enum\008_Enum.csproj", "{18CDA510-AB15-4B39-AE76-A361A231C7CA}"
EndProject
Project("{FAE04EC0-301F-11D3-BF4B-00C04F79EFBC}") = "009_Var", "009_Var\009_Var.csproj", "{007F41D1-FFAE-420D-AD7D-E7CE0184EBE3}"
EndProject
Project("{FAE04EC0-301F-11D3-BF4B-00C04F79EFBC}") = "010_Nullable", "010_Nullable\010_Nullable.csproj", "{CC79D26A-3031-4E20-8295-18224020ACCB}"
EndProject
Project("{FAE04EC0-301F-11D3-BF4B-00C04F79EFBC}") = "011_Char", "011_Char\011_Char.csproj", "{3EF777BB-0577-409D-947C-66EDAC0F2621}"
EndProject
Project("{FAE04EC0-301F-11D3-BF4B-00C04F79EFBC}") = "004_Mission", "004_Mission\004_Mission.csproj", "{70853858-7C8F-4D92-958D-C2168E53D487}"
EndProject
Project("{FAE04EC0-301F-11D3-BF4B-00C04F79EFBC}") = "012_WriteLine", "012_WriteLine\012_WriteLine.csproj", "{070E4A24-69CB-4C9C-B6E7-D8A8CE293FAA}"
EndProject
Project("{FAE04EC0-301F-11D3-BF4B-00C04F79EFBC}") = "013_ReadLine", "013_ReadLine\013_ReadLine.csproj", "{EFB6D2E8-B674-4C16-BC1A-B1937DCEAF71}"
EndProject
Project("{FAE04EC0-301F-11D3-BF4B-00C04F79EFBC}") = "014_Operator", "014_Operator\014_Operator.csproj", "{8A56A1CB-7CC6-44EE-94D7-C00AF0B672D9}"
EndProject
Project("{FAE04EC0-301F-11D3-BF4B-00C04F79EFBC}") = "005_Mission", "005_Mission\005_Mission.csproj", "{3938107E-C32A-4E50-8660-CCDDB9774B84}"
EndProject
Project("{FAE04EC0-301F-11D3-BF4B-00C04F79EFBC}") = "006_Mission", "006_Mission\006_Mission.csproj", "{4D7C5CB6-0B0E-49AB-92DF-AFA7D30E2727}"
EndProject
Project("{FAE04EC0-301F-11D3-BF4B-00C04F79EFBC}") = "015_++_--", "015_++_--\015_++_--.csproj", "{3DD6B454-540C-462F-BF98-143A0E5F280E}"
EndProject
Project("{FAE04EC0-301F-11D3-BF4B-00C04F79EFBC}") = "007_Mission", "007_Mission\007_Mission.csproj", "{D4B23E3B-5006-4B97-8301-EB4238FF0775}"
EndProject
Project("{FAE04EC0-301F-11D3-BF4B-00C04F79EFBC}") = "016_Compare", "016_Compare\016_Compare.csproj", "{5AE93FE7-0CC5-4445-ABF9-77EC95D31560}"
EndProject
Project("{FAE04EC0-301F-11D3-BF4B-00C04F79EFBC}") = "001_HelloWorld", "001_HelloWorld\001_HelloWorld.csproj", "{5E0A81F1-06EC-4C3F-80ED-DCB04EECB8E1}"
EndProject
Project("{FAE04EC0-301F-11D3-BF4B-00C04F79EFBC}") = "017_Logic", "017_Logic\017_Logic.csproj", "{F1FC4BC4-0CFF-4C14-BEAD-D563C6F99135}"
EndProject
Project("{FAE04EC0-301F-11D3-BF4B-00C04F79EFBC}") = "018_BitWise", "018_BitWise\018_BitWise.csproj", "{62F0AB5F-5219-4512-A399-D646278053C9}"
EndProject
Project("{FAE04EC0-301F-11D3-BF4B-00C04F79EFBC}") = "019_OperatorEsc", "019_OperatorEsc\019_OperatorEsc.csproj", "{9B669C9C-A72C-441F-ADAE-D1A5128021AC}"
EndProject
Project("{FAE04EC0-301F-11D3-BF4B-00C04F79EFBC}") = "020_IF", "020_IF\020_IF.csproj", "{AD861E4D-5F98-4F7E-A2D8-55E5A2996326}"
EndProject
Project("{FAE04EC0-301F-11D3-BF4B-00C04F79EFBC}") = "021_Switch", "Switch\021_Switch.csproj", "{FA8E4A00-B877-4C8C-B432-D2F04A02E3B0}"
EndProject
Project("{FAE04EC0-301F-11D3-BF4B-00C04F79EFBC}") = "022_while, do~while", "022_while, do~while\022_while, do~while.csproj", "{890ABD15-1504-4679-8A7B-33DFD0F08BF4}"
EndProject
Project("{FAE04EC0-301F-11D3-BF4B-00C04F79EFBC}") = "023_For", "023_For\023_For.csproj", "{6BDA0DBE-027D-4403-B664-1AB771EC7E80}"
EndProject
Project("{FAE04EC0-301F-11D3-BF4B-00C04F79EFBC}") = "024_For", "024_For\024_For.csproj", "{2430C520-7629-41FD-BABC-210F9302F258}"
EndProject
Project("{FAE04EC0-301F-11D3-BF4B-00C04F79EFBC}") = "025_break_contine", "025_break_contine\025_break_contine.csproj", "{2DE3F596-1D1D-4A31-ACC0-AC3E9D9DC199}"
EndProject
Project("{FAE04EC0-301F-11D3-BF4B-00C04F79EFBC}") = "026_goto", "026_goto\026_goto.csproj", "{8E100AB9-F5D7-4BD8-9A15-ED37493D72E5}"
EndProject
Project("{FAE04EC0-301F-11D3-BF4B-00C04F79EFBC}") = "027_Stopwatch", "027_Stopwatch\027_Stopwatch.csproj", "{4EBDED8C-2C1F-4032-9ED6-47B2161FC4BF}"
EndProject
Project("{FAE04EC0-301F-11D3-BF4B-00C04F79EFBC}") = "028_Array", "028_Array\028_Array.csproj", "{878350A0-90CA-41AF-B82C-023A7A3C884E}"
EndProject
Project("{FAE04EC0-301F-11D3-BF4B-00C04F79EFBC}") = "029_Array", "029_Array\029_Array.csproj", "{CFF0CF40-AA8C-4E80-BA32-9EF7EA80D063}"
EndProject
Project("{FAE04EC0-301F-11D3-BF4B-00C04F79EFBC}") = "030_Array", "030_Array\030_Array.csproj", "{E32AF712-92CD-42D5-A52F-BDAADCB80821}"
EndProject
Project("{FAE04EC0-301F-11D3-BF4B-00C04F79EFBC}") = "031_String", "031_String\031_String.csproj", "{3A39980B-00AC-4903-9383-22D0D4AE5D79}"
EndProject
Project("{FAE04EC0-301F-11D3-BF4B-00C04F79EFBC}") = "032_Struct", "032_Struct\032_Struct.csproj", "{A8D77903-4F16-4D07-9AB1-0B96718A4B6B}"
EndProject
Project("{FAE04EC0-301F-11D3-BF4B-00C04F79EFBC}") = "033_Method", "033_Method\033_Method.csproj", "{26CE6B9A-40D3-4D92-95B8-9D6C299F8FAA}"
EndProject
Project("{FAE04EC0-301F-11D3-BF4B-00C04F79EFBC}") = "034_Mehod_CallBy", "034_Mehod_CallBy\034_Mehod_CallBy.csproj", "{DB30B455-55FF-4D68-B583-69F8BE0AD1B0}"
EndProject
Project("{FAE04EC0-301F-11D3-BF4B-00C04F79EFBC}") = "035_Method_Default", "035_Method_Default\035_Method_Default.csproj", "{66D907C1-AA13-469A-BFF3-1477D1B2D65A}"
EndProject
Project("{FAE04EC0-301F-11D3-BF4B-00C04F79EFBC}") = "036_Method_Overoad", "036_Method_Overoad\036_Method_Overoad.csproj", "{3C56F233-D534-4A74-B2E2-9F3DBB3AA8BF}"
EndProject
Project("{FAE04EC0-301F-11D3-BF4B-00C04F79EFBC}") = "037_Method_Recursion", "037_Method_Recursion\037_Method_Recursion.csproj", "{E28B07D4-6B3A-4438-AB2B-DC5149C20E67}"
EndProject
Project("{FAE04EC0-301F-11D3-BF4B-00C04F79EFBC}") = "038_Method_local", "038_Method_Iocal\038_Method_local.csproj", "{C67CB7E4-1E15-4D2F-B453-0CDD15E03678}"
EndProject
Project("{FAE04EC0-301F-11D3-BF4B-00C04F79EFBC}") = "039_Method_delegate", "039_Method_delegate\039_Method_delegate.csproj", "{FA92689F-9606-467A-9256-F3F24A9E4E48}"
EndProject
Project("{FAE04EC0-301F-11D3-BF4B-00C04F79EFBC}") = "040_Class", "040_Class\040_Class.csproj", "{0A292050-A7EC-4629-B6E6-E2D3C08FD006}"
EndProject
Project("{FAE04EC0-301F-11D3-BF4B-00C04F79EFBC}") = "041_Construct", "041_Construct\041_Construct.csproj", "{DD699CFF-E1CD-480E-B0BD-BACA0EDE3F51}"
EndProject
Project("{FAE04EC0-301F-11D3-BF4B-00C04F79EFBC}") = "042_Destructor", "042_Destructor\042_Destructor.csproj", "{C9BA2103-D62B-4E6A-9009-BD1C3951B790}"
EndProject
Project("{FAE04EC0-301F-11D3-BF4B-00C04F79EFBC}") = "043_Instance", "043_Instance\043_Instance.csproj", "{F31B2C89-56EC-4903-9719-781A151ACCDF}"
EndProject
Project("{FAE04EC0-301F-11D3-BF4B-00C04F79EFBC}") = "044_Class_this", "044_Class_this\044_Class_this.csproj", "{684EECF0-1AC8-4F0A-BC5B-2B3CA43E67EA}"
EndProject
Project("{FAE04EC0-301F-11D3-BF4B-00C04F79EFBC}") = "045_Class_namespace", "045_Class_namespace\045_Class_namespace.csproj", "{DD1EFAFC-9B13-481B-8C67-C38765B08138}"
EndProject
Project("{FAE04EC0-301F-11D3-BF4B-00C04F79EFBC}") = "046_Class_static", "046_Class_static\046_Class_static.csproj", "{0507397A-0058-48DA-AED6-2FA79BB90FF0}"
EndProject
Project("{FAE04EC0-301F-11D3-BF4B-00C04F79EFBC}") = "047_Class_Inheritance", "047_Class_Inheritance\047_Class_Inheritance.csproj", "{29A3053F-FEB6-4267-9BE5-13ACF84786BE}"
EndProject
Project("{FAE04EC0-301F-11D3-BF4B-00C04F79EFBC}") = "048_Class_Instance2", "048_Class_Instance2\048_Class_Instance2.csproj", "{24637CDB-A9FD-49D1-9648-AB5B26433D5F}"
EndProject
Project("{FAE04EC0-301F-11D3-BF4B-00C04F79EFBC}") = "049_Class_virtual", "049_Class_virtual\049_Class_virtual.csproj", "{9DB9CA94-8175-4430-BC7D-3ADA61AA9AD4}"
EndProject
Project("{FAE04EC0-301F-11D3-BF4B-00C04F79EFBC}") = "050_Class_Instance3", "050_Class_Instance3\050_Class_Instance3.csproj", "{53341C58-1FB3-4A68-9BB5-1F4428E68533}"
EndProject
Project("{FAE04EC0-301F-11D3-BF4B-00C04F79EFBC}") = "051_Class_Abstract", "051_Class_Abstract\051_Class_Abstract.csproj", "{19829331-4647-4DA6-A6B6-57C42A658C88}"
EndProject
Project("{FAE04EC0-301F-11D3-BF4B-00C04F79EFBC}") = "052_Class_Instance4", "052_Class_Instance4\052_Class_Instance4.csproj", "{0B72F31C-3808-4986-9BFE-28E70F852565}"
EndProject
Project("{FAE04EC0-301F-11D3-BF4B-00C04F79EFBC}") = "053_Class_Interface", "053_Class_Interface\053_Class_Interface.csproj", "{0DDE92E3-5D28-4BAB-BDEA-A60307061B6C}"
EndProject
Project("{FAE04EC0-301F-11D3-BF4B-00C04F79EFBC}") = "054_ClassInstance5", "054_ClassInstance5\054_ClassInstance5.csproj", "{7535684D-9C9F-4FBF-8D71-23AF500522C7}"
EndProject
Project("{FAE04EC0-301F-11D3-BF4B-00C04F79EFBC}") = "055_Class_IS_AS", "055_Class_IS_AS\055_Class_IS_AS.csproj", "{A54132FF-036E-48E6-9F34-87C611D0971A}"
EndProject
Project("{FAE04EC0-301F-11D3-BF4B-00C04F79EFBC}") = "056_Class_Instance6", "056_Class_Instance6\056_Class_Instance6.csproj", "{EF957F14-5EBE-4940-B5FE-D0FF582A375D}"
EndProject
Global
	GlobalSection(SolutionConfigurationPlatforms) = preSolution
		Debug|Any CPU = Debug|Any CPU
		Release|Any CPU = Release|Any CPU
	EndGlobalSection
	GlobalSection(ProjectConfigurationPlatforms) = postSolution
		{78B46D63-88EA-41EC-8461-82ABCBA539D8}.Debug|Any CPU.ActiveCfg = Debug|Any CPU
		{78B46D63-88EA-41EC-8461-82ABCBA539D8}.Debug|Any CPU.Build.0 = Debug|Any CPU
		{78B46D63-88EA-41EC-8461-82ABCBA539D8}.Release|Any CPU.ActiveCfg = Release|Any CPU
		{78B46D63-88EA-41EC-8461-82ABCBA539D8}.Release|Any CPU.Build.0 = Release|Any CPU
		{92526A71-88AF-41C8-8D65-34C5201293EA}.Debug|Any CPU.ActiveCfg = Debug|Any CPU
		{92526A71-88AF-41C8-8D65-34C5201293EA}.Debug|Any CPU.Build.0 = Debug|Any CPU
		{92526A71-88AF-41C8-8D65-34C5201293EA}.Release|Any CPU.ActiveCfg = Release|Any CPU
		{92526A71-88AF-41C8-8D65-34C5201293EA}.Release|Any CPU.Build.0 = Release|Any CPU
		{D1DEEA72-7A48-41CE-BA8A-340774101190}.Debug|Any CPU.ActiveCfg = Debug|Any CPU
		{D1DEEA72-7A48-41CE-BA8A-340774101190}.Debug|Any CPU.Build.0 = Debug|Any CPU
		{D1DEEA72-7A48-41CE-BA8A-340774101190}.Release|Any CPU.ActiveCfg = Release|Any CPU
		{D1DEEA72-7A48-41CE-BA8A-340774101190}.Release|Any CPU.Build.0 = Release|Any CPU
		{7FC1F153-5C27-43FB-9804-BEB080064E07}.Debug|Any CPU.ActiveCfg = Debug|Any CPU
		{7FC1F153-5C27-43FB-9804-BEB080064E07}.Debug|Any CPU.Build.0 = Debug|Any CPU
		{7FC1F153-5C27-43FB-9804-BEB080064E07}.Release|Any CPU.ActiveCfg = Release|Any CPU
		{7FC1F153-5C27-43FB-9804-BEB080064E07}.Release|Any CPU.Build.0 = Release|Any CPU
		{6342BC50-1235-4F08-8CF6-30AF13FE4160}.Debug|Any CPU.ActiveCfg = Debug|Any CPU
		{6342BC50-1235-4F08-8CF6-30AF13FE4160}.Debug|Any CPU.Build.0 = Debug|Any CPU
		{6342BC50-1235-4F08-8CF6-30AF13FE4160}.Release|Any CPU.ActiveCfg = Release|Any CPU
		{6342BC50-1235-4F08-8CF6-30AF13FE4160}.Release|Any CPU.Build.0 = Release|Any CPU
		{DB408077-18CE-4123-8764-AD73C76B1AAD}.Debug|Any CPU.ActiveCfg = Debug|Any CPU
		{DB408077-18CE-4123-8764-AD73C76B1AAD}.Debug|Any CPU.Build.0 = Debug|Any CPU
		{DB408077-18CE-4123-8764-AD73C76B1AAD}.Release|Any CPU.ActiveCfg = Release|Any CPU
		{DB408077-18CE-4123-8764-AD73C76B1AAD}.Release|Any CPU.Build.0 = Release|Any CPU
		{E9CBB9BF-11E6-4864-8A51-729637F3919A}.Debug|Any CPU.ActiveCfg = Debug|Any CPU
		{E9CBB9BF-11E6-4864-8A51-729637F3919A}.Debug|Any CPU.Build.0 = Debug|Any CPU
		{E9CBB9BF-11E6-4864-8A51-729637F3919A}.Release|Any CPU.ActiveCfg = Release|Any CPU
		{E9CBB9BF-11E6-4864-8A51-729637F3919A}.Release|Any CPU.Build.0 = Release|Any CPU
		{6397715D-1EF1-4BEA-A15B-3CBCC6B2F43D}.Debug|Any CPU.ActiveCfg = Debug|Any CPU
		{6397715D-1EF1-4BEA-A15B-3CBCC6B2F43D}.Debug|Any CPU.Build.0 = Debug|Any CPU
		{6397715D-1EF1-4BEA-A15B-3CBCC6B2F43D}.Release|Any CPU.ActiveCfg = Release|Any CPU
		{6397715D-1EF1-4BEA-A15B-3CBCC6B2F43D}.Release|Any CPU.Build.0 = Release|Any CPU
		{5D45F972-87A5-484E-BB9B-E73D20F1CA84}.Debug|Any CPU.ActiveCfg = Debug|Any CPU
		{5D45F972-87A5-484E-BB9B-E73D20F1CA84}.Debug|Any CPU.Build.0 = Debug|Any CPU
		{5D45F972-87A5-484E-BB9B-E73D20F1CA84}.Release|Any CPU.ActiveCfg = Release|Any CPU
		{5D45F972-87A5-484E-BB9B-E73D20F1CA84}.Release|Any CPU.Build.0 = Release|Any CPU
		{18CDA510-AB15-4B39-AE76-A361A231C7CA}.Debug|Any CPU.ActiveCfg = Debug|Any CPU
		{18CDA510-AB15-4B39-AE76-A361A231C7CA}.Debug|Any CPU.Build.0 = Debug|Any CPU
		{18CDA510-AB15-4B39-AE76-A361A231C7CA}.Release|Any CPU.ActiveCfg = Release|Any CPU
		{18CDA510-AB15-4B39-AE76-A361A231C7CA}.Release|Any CPU.Build.0 = Release|Any CPU
		{007F41D1-FFAE-420D-AD7D-E7CE0184EBE3}.Debug|Any CPU.ActiveCfg = Debug|Any CPU
		{007F41D1-FFAE-420D-AD7D-E7CE0184EBE3}.Debug|Any CPU.Build.0 = Debug|Any CPU
		{007F41D1-FFAE-420D-AD7D-E7CE0184EBE3}.Release|Any CPU.ActiveCfg = Release|Any CPU
		{007F41D1-FFAE-420D-AD7D-E7CE0184EBE3}.Release|Any CPU.Build.0 = Release|Any CPU
		{CC79D26A-3031-4E20-8295-18224020ACCB}.Debug|Any CPU.ActiveCfg = Debug|Any CPU
		{CC79D26A-3031-4E20-8295-18224020ACCB}.Debug|Any CPU.Build.0 = Debug|Any CPU
		{CC79D26A-3031-4E20-8295-18224020ACCB}.Release|Any CPU.ActiveCfg = Release|Any CPU
		{CC79D26A-3031-4E20-8295-18224020ACCB}.Release|Any CPU.Build.0 = Release|Any CPU
		{3EF777BB-0577-409D-947C-66EDAC0F2621}.Debug|Any CPU.ActiveCfg = Debug|Any CPU
		{3EF777BB-0577-409D-947C-66EDAC0F2621}.Debug|Any CPU.Build.0 = Debug|Any CPU
		{3EF777BB-0577-409D-947C-66EDAC0F2621}.Release|Any CPU.ActiveCfg = Release|Any CPU
		{3EF777BB-0577-409D-947C-66EDAC0F2621}.Release|Any CPU.Build.0 = Release|Any CPU
		{70853858-7C8F-4D92-958D-C2168E53D487}.Debug|Any CPU.ActiveCfg = Debug|Any CPU
		{70853858-7C8F-4D92-958D-C2168E53D487}.Debug|Any CPU.Build.0 = Debug|Any CPU
		{70853858-7C8F-4D92-958D-C2168E53D487}.Release|Any CPU.ActiveCfg = Release|Any CPU
		{70853858-7C8F-4D92-958D-C2168E53D487}.Release|Any CPU.Build.0 = Release|Any CPU
		{070E4A24-69CB-4C9C-B6E7-D8A8CE293FAA}.Debug|Any CPU.ActiveCfg = Debug|Any CPU
		{070E4A24-69CB-4C9C-B6E7-D8A8CE293FAA}.Debug|Any CPU.Build.0 = Debug|Any CPU
		{070E4A24-69CB-4C9C-B6E7-D8A8CE293FAA}.Release|Any CPU.ActiveCfg = Release|Any CPU
		{070E4A24-69CB-4C9C-B6E7-D8A8CE293FAA}.Release|Any CPU.Build.0 = Release|Any CPU
		{EFB6D2E8-B674-4C16-BC1A-B1937DCEAF71}.Debug|Any CPU.ActiveCfg = Debug|Any CPU
		{EFB6D2E8-B674-4C16-BC1A-B1937DCEAF71}.Debug|Any CPU.Build.0 = Debug|Any CPU
		{EFB6D2E8-B674-4C16-BC1A-B1937DCEAF71}.Release|Any CPU.ActiveCfg = Release|Any CPU
		{EFB6D2E8-B674-4C16-BC1A-B1937DCEAF71}.Release|Any CPU.Build.0 = Release|Any CPU
		{8A56A1CB-7CC6-44EE-94D7-C00AF0B672D9}.Debug|Any CPU.ActiveCfg = Debug|Any CPU
		{8A56A1CB-7CC6-44EE-94D7-C00AF0B672D9}.Debug|Any CPU.Build.0 = Debug|Any CPU
		{8A56A1CB-7CC6-44EE-94D7-C00AF0B672D9}.Release|Any CPU.ActiveCfg = Release|Any CPU
		{8A56A1CB-7CC6-44EE-94D7-C00AF0B672D9}.Release|Any CPU.Build.0 = Release|Any CPU
		{3938107E-C32A-4E50-8660-CCDDB9774B84}.Debug|Any CPU.ActiveCfg = Debug|Any CPU
		{3938107E-C32A-4E50-8660-CCDDB9774B84}.Debug|Any CPU.Build.0 = Debug|Any CPU
		{3938107E-C32A-4E50-8660-CCDDB9774B84}.Release|Any CPU.ActiveCfg = Release|Any CPU
		{3938107E-C32A-4E50-8660-CCDDB9774B84}.Release|Any CPU.Build.0 = Release|Any CPU
		{4D7C5CB6-0B0E-49AB-92DF-AFA7D30E2727}.Debug|Any CPU.ActiveCfg = Debug|Any CPU
		{4D7C5CB6-0B0E-49AB-92DF-AFA7D30E2727}.Debug|Any CPU.Build.0 = Debug|Any CPU
		{4D7C5CB6-0B0E-49AB-92DF-AFA7D30E2727}.Release|Any CPU.ActiveCfg = Release|Any CPU
		{4D7C5CB6-0B0E-49AB-92DF-AFA7D30E2727}.Release|Any CPU.Build.0 = Release|Any CPU
		{3DD6B454-540C-462F-BF98-143A0E5F280E}.Debug|Any CPU.ActiveCfg = Debug|Any CPU
		{3DD6B454-540C-462F-BF98-143A0E5F280E}.Debug|Any CPU.Build.0 = Debug|Any CPU
		{3DD6B454-540C-462F-BF98-143A0E5F280E}.Release|Any CPU.ActiveCfg = Release|Any CPU
		{3DD6B454-540C-462F-BF98-143A0E5F280E}.Release|Any CPU.Build.0 = Release|Any CPU
		{D4B23E3B-5006-4B97-8301-EB4238FF0775}.Debug|Any CPU.ActiveCfg = Debug|Any CPU
		{D4B23E3B-5006-4B97-8301-EB4238FF0775}.Debug|Any CPU.Build.0 = Debug|Any CPU
		{D4B23E3B-5006-4B97-8301-EB4238FF0775}.Release|Any CPU.ActiveCfg = Release|Any CPU
		{D4B23E3B-5006-4B97-8301-EB4238FF0775}.Release|Any CPU.Build.0 = Release|Any CPU
		{5AE93FE7-0CC5-4445-ABF9-77EC95D31560}.Debug|Any CPU.ActiveCfg = Debug|Any CPU
		{5AE93FE7-0CC5-4445-ABF9-77EC95D31560}.Debug|Any CPU.Build.0 = Debug|Any CPU
		{5AE93FE7-0CC5-4445-ABF9-77EC95D31560}.Release|Any CPU.ActiveCfg = Release|Any CPU
		{5AE93FE7-0CC5-4445-ABF9-77EC95D31560}.Release|Any CPU.Build.0 = Release|Any CPU
		{5E0A81F1-06EC-4C3F-80ED-DCB04EECB8E1}.Debug|Any CPU.ActiveCfg = Debug|Any CPU
		{5E0A81F1-06EC-4C3F-80ED-DCB04EECB8E1}.Debug|Any CPU.Build.0 = Debug|Any CPU
		{5E0A81F1-06EC-4C3F-80ED-DCB04EECB8E1}.Release|Any CPU.ActiveCfg = Release|Any CPU
		{5E0A81F1-06EC-4C3F-80ED-DCB04EECB8E1}.Release|Any CPU.Build.0 = Release|Any CPU
		{F1FC4BC4-0CFF-4C14-BEAD-D563C6F99135}.Debug|Any CPU.ActiveCfg = Debug|Any CPU
		{F1FC4BC4-0CFF-4C14-BEAD-D563C6F99135}.Debug|Any CPU.Build.0 = Debug|Any CPU
		{F1FC4BC4-0CFF-4C14-BEAD-D563C6F99135}.Release|Any CPU.ActiveCfg = Release|Any CPU
		{F1FC4BC4-0CFF-4C14-BEAD-D563C6F99135}.Release|Any CPU.Build.0 = Release|Any CPU
		{62F0AB5F-5219-4512-A399-D646278053C9}.Debug|Any CPU.ActiveCfg = Debug|Any CPU
		{62F0AB5F-5219-4512-A399-D646278053C9}.Debug|Any CPU.Build.0 = Debug|Any CPU
		{62F0AB5F-5219-4512-A399-D646278053C9}.Release|Any CPU.ActiveCfg = Release|Any CPU
		{62F0AB5F-5219-4512-A399-D646278053C9}.Release|Any CPU.Build.0 = Release|Any CPU
		{9B669C9C-A72C-441F-ADAE-D1A5128021AC}.Debug|Any CPU.ActiveCfg = Debug|Any CPU
		{9B669C9C-A72C-441F-ADAE-D1A5128021AC}.Debug|Any CPU.Build.0 = Debug|Any CPU
		{9B669C9C-A72C-441F-ADAE-D1A5128021AC}.Release|Any CPU.ActiveCfg = Release|Any CPU
		{9B669C9C-A72C-441F-ADAE-D1A5128021AC}.Release|Any CPU.Build.0 = Release|Any CPU
		{AD861E4D-5F98-4F7E-A2D8-55E5A2996326}.Debug|Any CPU.ActiveCfg = Debug|Any CPU
		{AD861E4D-5F98-4F7E-A2D8-55E5A2996326}.Debug|Any CPU.Build.0 = Debug|Any CPU
		{AD861E4D-5F98-4F7E-A2D8-55E5A2996326}.Release|Any CPU.ActiveCfg = Release|Any CPU
		{AD861E4D-5F98-4F7E-A2D8-55E5A2996326}.Release|Any CPU.Build.0 = Release|Any CPU
		{FA8E4A00-B877-4C8C-B432-D2F04A02E3B0}.Debug|Any CPU.ActiveCfg = Debug|Any CPU
		{FA8E4A00-B877-4C8C-B432-D2F04A02E3B0}.Debug|Any CPU.Build.0 = Debug|Any CPU
		{FA8E4A00-B877-4C8C-B432-D2F04A02E3B0}.Release|Any CPU.ActiveCfg = Release|Any CPU
		{FA8E4A00-B877-4C8C-B432-D2F04A02E3B0}.Release|Any CPU.Build.0 = Release|Any CPU
		{890ABD15-1504-4679-8A7B-33DFD0F08BF4}.Debug|Any CPU.ActiveCfg = Debug|Any CPU
		{890ABD15-1504-4679-8A7B-33DFD0F08BF4}.Debug|Any CPU.Build.0 = Debug|Any CPU
		{890ABD15-1504-4679-8A7B-33DFD0F08BF4}.Release|Any CPU.ActiveCfg = Release|Any CPU
		{890ABD15-1504-4679-8A7B-33DFD0F08BF4}.Release|Any CPU.Build.0 = Release|Any CPU
		{6BDA0DBE-027D-4403-B664-1AB771EC7E80}.Debug|Any CPU.ActiveCfg = Debug|Any CPU
		{6BDA0DBE-027D-4403-B664-1AB771EC7E80}.Debug|Any CPU.Build.0 = Debug|Any CPU
		{6BDA0DBE-027D-4403-B664-1AB771EC7E80}.Release|Any CPU.ActiveCfg = Release|Any CPU
		{6BDA0DBE-027D-4403-B664-1AB771EC7E80}.Release|Any CPU.Build.0 = Release|Any CPU
		{2430C520-7629-41FD-BABC-210F9302F258}.Debug|Any CPU.ActiveCfg = Debug|Any CPU
		{2430C520-7629-41FD-BABC-210F9302F258}.Debug|Any CPU.Build.0 = Debug|Any CPU
		{2430C520-7629-41FD-BABC-210F9302F258}.Release|Any CPU.ActiveCfg = Release|Any CPU
		{2430C520-7629-41FD-BABC-210F9302F258}.Release|Any CPU.Build.0 = Release|Any CPU
		{2DE3F596-1D1D-4A31-ACC0-AC3E9D9DC199}.Debug|Any CPU.ActiveCfg = Debug|Any CPU
		{2DE3F596-1D1D-4A31-ACC0-AC3E9D9DC199}.Debug|Any CPU.Build.0 = Debug|Any CPU
		{2DE3F596-1D1D-4A31-ACC0-AC3E9D9DC199}.Release|Any CPU.ActiveCfg = Release|Any CPU
		{2DE3F596-1D1D-4A31-ACC0-AC3E9D9DC199}.Release|Any CPU.Build.0 = Release|Any CPU
		{8E100AB9-F5D7-4BD8-9A15-ED37493D72E5}.Debug|Any CPU.ActiveCfg = Debug|Any CPU
		{8E100AB9-F5D7-4BD8-9A15-ED37493D72E5}.Debug|Any CPU.Build.0 = Debug|Any CPU
		{8E100AB9-F5D7-4BD8-9A15-ED37493D72E5}.Release|Any CPU.ActiveCfg = Release|Any CPU
		{8E100AB9-F5D7-4BD8-9A15-ED37493D72E5}.Release|Any CPU.Build.0 = Release|Any CPU
		{4EBDED8C-2C1F-4032-9ED6-47B2161FC4BF}.Debug|Any CPU.ActiveCfg = Debug|Any CPU
		{4EBDED8C-2C1F-4032-9ED6-47B2161FC4BF}.Debug|Any CPU.Build.0 = Debug|Any CPU
		{4EBDED8C-2C1F-4032-9ED6-47B2161FC4BF}.Release|Any CPU.ActiveCfg = Release|Any CPU
		{4EBDED8C-2C1F-4032-9ED6-47B2161FC4BF}.Release|Any CPU.Build.0 = Release|Any CPU
		{878350A0-90CA-41AF-B82C-023A7A3C884E}.Debug|Any CPU.ActiveCfg = Debug|Any CPU
		{878350A0-90CA-41AF-B82C-023A7A3C884E}.Debug|Any CPU.Build.0 = Debug|Any CPU
		{878350A0-90CA-41AF-B82C-023A7A3C884E}.Release|Any CPU.ActiveCfg = Release|Any CPU
		{878350A0-90CA-41AF-B82C-023A7A3C884E}.Release|Any CPU.Build.0 = Release|Any CPU
		{CFF0CF40-AA8C-4E80-BA32-9EF7EA80D063}.Debug|Any CPU.ActiveCfg = Debug|Any CPU
		{CFF0CF40-AA8C-4E80-BA32-9EF7EA80D063}.Debug|Any CPU.Build.0 = Debug|Any CPU
		{CFF0CF40-AA8C-4E80-BA32-9EF7EA80D063}.Release|Any CPU.ActiveCfg = Release|Any CPU
		{CFF0CF40-AA8C-4E80-BA32-9EF7EA80D063}.Release|Any CPU.Build.0 = Release|Any CPU
		{E32AF712-92CD-42D5-A52F-BDAADCB80821}.Debug|Any CPU.ActiveCfg = Debug|Any CPU
		{E32AF712-92CD-42D5-A52F-BDAADCB80821}.Debug|Any CPU.Build.0 = Debug|Any CPU
		{E32AF712-92CD-42D5-A52F-BDAADCB80821}.Release|Any CPU.ActiveCfg = Release|Any CPU
		{E32AF712-92CD-42D5-A52F-BDAADCB80821}.Release|Any CPU.Build.0 = Release|Any CPU
		{3A39980B-00AC-4903-9383-22D0D4AE5D79}.Debug|Any CPU.ActiveCfg = Debug|Any CPU
		{3A39980B-00AC-4903-9383-22D0D4AE5D79}.Debug|Any CPU.Build.0 = Debug|Any CPU
		{3A39980B-00AC-4903-9383-22D0D4AE5D79}.Release|Any CPU.ActiveCfg = Release|Any CPU
		{3A39980B-00AC-4903-9383-22D0D4AE5D79}.Release|Any CPU.Build.0 = Release|Any CPU
		{A8D77903-4F16-4D07-9AB1-0B96718A4B6B}.Debug|Any CPU.ActiveCfg = Debug|Any CPU
		{A8D77903-4F16-4D07-9AB1-0B96718A4B6B}.Debug|Any CPU.Build.0 = Debug|Any CPU
		{A8D77903-4F16-4D07-9AB1-0B96718A4B6B}.Release|Any CPU.ActiveCfg = Release|Any CPU
		{A8D77903-4F16-4D07-9AB1-0B96718A4B6B}.Release|Any CPU.Build.0 = Release|Any CPU
		{26CE6B9A-40D3-4D92-95B8-9D6C299F8FAA}.Debug|Any CPU.ActiveCfg = Debug|Any CPU
		{26CE6B9A-40D3-4D92-95B8-9D6C299F8FAA}.Debug|Any CPU.Build.0 = Debug|Any CPU
		{26CE6B9A-40D3-4D92-95B8-9D6C299F8FAA}.Release|Any CPU.ActiveCfg = Release|Any CPU
		{26CE6B9A-40D3-4D92-95B8-9D6C299F8FAA}.Release|Any CPU.Build.0 = Release|Any CPU
		{DB30B455-55FF-4D68-B583-69F8BE0AD1B0}.Debug|Any CPU.ActiveCfg = Debug|Any CPU
		{DB30B455-55FF-4D68-B583-69F8BE0AD1B0}.Debug|Any CPU.Build.0 = Debug|Any CPU
		{DB30B455-55FF-4D68-B583-69F8BE0AD1B0}.Release|Any CPU.ActiveCfg = Release|Any CPU
		{DB30B455-55FF-4D68-B583-69F8BE0AD1B0}.Release|Any CPU.Build.0 = Release|Any CPU
		{66D907C1-AA13-469A-BFF3-1477D1B2D65A}.Debug|Any CPU.ActiveCfg = Debug|Any CPU
		{66D907C1-AA13-469A-BFF3-1477D1B2D65A}.Debug|Any CPU.Build.0 = Debug|Any CPU
		{66D907C1-AA13-469A-BFF3-1477D1B2D65A}.Release|Any CPU.ActiveCfg = Release|Any CPU
		{66D907C1-AA13-469A-BFF3-1477D1B2D65A}.Release|Any CPU.Build.0 = Release|Any CPU
		{3C56F233-D534-4A74-B2E2-9F3DBB3AA8BF}.Debug|Any CPU.ActiveCfg = Debug|Any CPU
		{3C56F233-D534-4A74-B2E2-9F3DBB3AA8BF}.Debug|Any CPU.Build.0 = Debug|Any CPU
		{3C56F233-D534-4A74-B2E2-9F3DBB3AA8BF}.Release|Any CPU.ActiveCfg = Release|Any CPU
		{3C56F233-D534-4A74-B2E2-9F3DBB3AA8BF}.Release|Any CPU.Build.0 = Release|Any CPU
		{E28B07D4-6B3A-4438-AB2B-DC5149C20E67}.Debug|Any CPU.ActiveCfg = Debug|Any CPU
		{E28B07D4-6B3A-4438-AB2B-DC5149C20E67}.Debug|Any CPU.Build.0 = Debug|Any CPU
		{E28B07D4-6B3A-4438-AB2B-DC5149C20E67}.Release|Any CPU.ActiveCfg = Release|Any CPU
		{E28B07D4-6B3A-4438-AB2B-DC5149C20E67}.Release|Any CPU.Build.0 = Release|Any CPU
		{C67CB7E4-1E15-4D2F-B453-0CDD15E03678}.Debug|Any CPU.ActiveCfg = Debug|Any CPU
		{C67CB7E4-1E15-4D2F-B453-0CDD15E03678}.Debug|Any CPU.Build.0 = Debug|Any CPU
		{C67CB7E4-1E15-4D2F-B453-0CDD15E03678}.Release|Any CPU.ActiveCfg = Release|Any CPU
		{C67CB7E4-1E15-4D2F-B453-0CDD15E03678}.Release|Any CPU.Build.0 = Release|Any CPU
		{FA92689F-9606-467A-9256-F3F24A9E4E48}.Debug|Any CPU.ActiveCfg = Debug|Any CPU
		{FA92689F-9606-467A-9256-F3F24A9E4E48}.Debug|Any CPU.Build.0 = Debug|Any CPU
		{FA92689F-9606-467A-9256-F3F24A9E4E48}.Release|Any CPU.ActiveCfg = Release|Any CPU
		{FA92689F-9606-467A-9256-F3F24A9E4E48}.Release|Any CPU.Build.0 = Release|Any CPU
		{0A292050-A7EC-4629-B6E6-E2D3C08FD006}.Debug|Any CPU.ActiveCfg = Debug|Any CPU
		{0A292050-A7EC-4629-B6E6-E2D3C08FD006}.Debug|Any CPU.Build.0 = Debug|Any CPU
		{0A292050-A7EC-4629-B6E6-E2D3C08FD006}.Release|Any CPU.ActiveCfg = Release|Any CPU
		{0A292050-A7EC-4629-B6E6-E2D3C08FD006}.Release|Any CPU.Build.0 = Release|Any CPU
		{DD699CFF-E1CD-480E-B0BD-BACA0EDE3F51}.Debug|Any CPU.ActiveCfg = Debug|Any CPU
		{DD699CFF-E1CD-480E-B0BD-BACA0EDE3F51}.Debug|Any CPU.Build.0 = Debug|Any CPU
		{DD699CFF-E1CD-480E-B0BD-BACA0EDE3F51}.Release|Any CPU.ActiveCfg = Release|Any CPU
		{DD699CFF-E1CD-480E-B0BD-BACA0EDE3F51}.Release|Any CPU.Build.0 = Release|Any CPU
		{C9BA2103-D62B-4E6A-9009-BD1C3951B790}.Debug|Any CPU.ActiveCfg = Debug|Any CPU
		{C9BA2103-D62B-4E6A-9009-BD1C3951B790}.Debug|Any CPU.Build.0 = Debug|Any CPU
		{C9BA2103-D62B-4E6A-9009-BD1C3951B790}.Release|Any CPU.ActiveCfg = Release|Any CPU
		{C9BA2103-D62B-4E6A-9009-BD1C3951B790}.Release|Any CPU.Build.0 = Release|Any CPU
		{F31B2C89-56EC-4903-9719-781A151ACCDF}.Debug|Any CPU.ActiveCfg = Debug|Any CPU
		{F31B2C89-56EC-4903-9719-781A151ACCDF}.Debug|Any CPU.Build.0 = Debug|Any CPU
		{F31B2C89-56EC-4903-9719-781A151ACCDF}.Release|Any CPU.ActiveCfg = Release|Any CPU
		{F31B2C89-56EC-4903-9719-781A151ACCDF}.Release|Any CPU.Build.0 = Release|Any CPU
		{684EECF0-1AC8-4F0A-BC5B-2B3CA43E67EA}.Debug|Any CPU.ActiveCfg = Debug|Any CPU
		{684EECF0-1AC8-4F0A-BC5B-2B3CA43E67EA}.Debug|Any CPU.Build.0 = Debug|Any CPU
		{684EECF0-1AC8-4F0A-BC5B-2B3CA43E67EA}.Release|Any CPU.ActiveCfg = Release|Any CPU
		{684EECF0-1AC8-4F0A-BC5B-2B3CA43E67EA}.Release|Any CPU.Build.0 = Release|Any CPU
		{DD1EFAFC-9B13-481B-8C67-C38765B08138}.Debug|Any CPU.ActiveCfg = Debug|Any CPU
		{DD1EFAFC-9B13-481B-8C67-C38765B08138}.Debug|Any CPU.Build.0 = Debug|Any CPU
		{DD1EFAFC-9B13-481B-8C67-C38765B08138}.Release|Any CPU.ActiveCfg = Release|Any CPU
		{DD1EFAFC-9B13-481B-8C67-C38765B08138}.Release|Any CPU.Build.0 = Release|Any CPU
		{0507397A-0058-48DA-AED6-2FA79BB90FF0}.Debug|Any CPU.ActiveCfg = Debug|Any CPU
		{0507397A-0058-48DA-AED6-2FA79BB90FF0}.Debug|Any CPU.Build.0 = Debug|Any CPU
		{0507397A-0058-48DA-AED6-2FA79BB90FF0}.Release|Any CPU.ActiveCfg = Release|Any CPU
		{0507397A-0058-48DA-AED6-2FA79BB90FF0}.Release|Any CPU.Build.0 = Release|Any CPU
		{29A3053F-FEB6-4267-9BE5-13ACF84786BE}.Debug|Any CPU.ActiveCfg = Debug|Any CPU
		{29A3053F-FEB6-4267-9BE5-13ACF84786BE}.Debug|Any CPU.Build.0 = Debug|Any CPU
		{29A3053F-FEB6-4267-9BE5-13ACF84786BE}.Release|Any CPU.ActiveCfg = Release|Any CPU
		{29A3053F-FEB6-4267-9BE5-13ACF84786BE}.Release|Any CPU.Build.0 = Release|Any CPU
		{24637CDB-A9FD-49D1-9648-AB5B26433D5F}.Debug|Any CPU.ActiveCfg = Debug|Any CPU
		{24637CDB-A9FD-49D1-9648-AB5B26433D5F}.Debug|Any CPU.Build.0 = Debug|Any CPU
		{24637CDB-A9FD-49D1-9648-AB5B26433D5F}.Release|Any CPU.ActiveCfg = Release|Any CPU
		{24637CDB-A9FD-49D1-9648-AB5B26433D5F}.Release|Any CPU.Build.0 = Release|Any CPU
		{9DB9CA94-8175-4430-BC7D-3ADA61AA9AD4}.Debug|Any CPU.ActiveCfg = Debug|Any CPU
		{9DB9CA94-8175-4430-BC7D-3ADA61AA9AD4}.Debug|Any CPU.Build.0 = Debug|Any CPU
		{9DB9CA94-8175-4430-BC7D-3ADA61AA9AD4}.Release|Any CPU.ActiveCfg = Release|Any CPU
		{9DB9CA94-8175-4430-BC7D-3ADA61AA9AD4}.Release|Any CPU.Build.0 = Release|Any CPU
		{53341C58-1FB3-4A68-9BB5-1F4428E68533}.Debug|Any CPU.ActiveCfg = Debug|Any CPU
		{53341C58-1FB3-4A68-9BB5-1F4428E68533}.Debug|Any CPU.Build.0 = Debug|Any CPU
		{53341C58-1FB3-4A68-9BB5-1F4428E68533}.Release|Any CPU.ActiveCfg = Release|Any CPU
		{53341C58-1FB3-4A68-9BB5-1F4428E68533}.Release|Any CPU.Build.0 = Release|Any CPU
		{19829331-4647-4DA6-A6B6-57C42A658C88}.Debug|Any CPU.ActiveCfg = Debug|Any CPU
		{19829331-4647-4DA6-A6B6-57C42A658C88}.Debug|Any CPU.Build.0 = Debug|Any CPU
		{19829331-4647-4DA6-A6B6-57C42A658C88}.Release|Any CPU.ActiveCfg = Release|Any CPU
		{19829331-4647-4DA6-A6B6-57C42A658C88}.Release|Any CPU.Build.0 = Release|Any CPU
		{0B72F31C-3808-4986-9BFE-28E70F852565}.Debug|Any CPU.ActiveCfg = Debug|Any CPU
		{0B72F31C-3808-4986-9BFE-28E70F852565}.Debug|Any CPU.Build.0 = Debug|Any CPU
		{0B72F31C-3808-4986-9BFE-28E70F852565}.Release|Any CPU.ActiveCfg = Release|Any CPU
		{0B72F31C-3808-4986-9BFE-28E70F852565}.Release|Any CPU.Build.0 = Release|Any CPU
		{0DDE92E3-5D28-4BAB-BDEA-A60307061B6C}.Debug|Any CPU.ActiveCfg = Debug|Any CPU
		{0DDE92E3-5D28-4BAB-BDEA-A60307061B6C}.Debug|Any CPU.Build.0 = Debug|Any CPU
		{0DDE92E3-5D28-4BAB-BDEA-A60307061B6C}.Release|Any CPU.ActiveCfg = Release|Any CPU
		{0DDE92E3-5D28-4BAB-BDEA-A60307061B6C}.Release|Any CPU.Build.0 = Release|Any CPU
		{7535684D-9C9F-4FBF-8D71-23AF500522C7}.Debug|Any CPU.ActiveCfg = Debug|Any CPU
		{7535684D-9C9F-4FBF-8D71-23AF500522C7}.Debug|Any CPU.Build.0 = Debug|Any CPU
		{7535684D-9C9F-4FBF-8D71-23AF500522C7}.Release|Any CPU.ActiveCfg = Release|Any CPU
		{7535684D-9C9F-4FBF-8D71-23AF500522C7}.Release|Any CPU.Build.0 = Release|Any CPU
		{A54132FF-036E-48E6-9F34-87C611D0971A}.Debug|Any CPU.ActiveCfg = Debug|Any CPU
		{A54132FF-036E-48E6-9F34-87C611D0971A}.Debug|Any CPU.Build.0 = Debug|Any CPU
		{A54132FF-036E-48E6-9F34-87C611D0971A}.Release|Any CPU.ActiveCfg = Release|Any CPU
		{A54132FF-036E-48E6-9F34-87C611D0971A}.Release|Any CPU.Build.0 = Release|Any CPU
		{EF957F14-5EBE-4940-B5FE-D0FF582A375D}.Debug|Any CPU.ActiveCfg = Debug|Any CPU
		{EF957F14-5EBE-4940-B5FE-D0FF582A375D}.Debug|Any CPU.Build.0 = Debug|Any CPU
		{EF957F14-5EBE-4940-B5FE-D0FF582A375D}.Release|Any CPU.ActiveCfg = Release|Any CPU
		{EF957F14-5EBE-4940-B5FE-D0FF582A375D}.Release|Any CPU.Build.0 = Release|Any CPU
	EndGlobalSection
	GlobalSection(SolutionProperties) = preSolution
		HideSolutionNode = FALSE
	EndGlobalSection
EndGlobal
